
Microsoft Visual Studio Solution File, Format Version 12.00
Project("{FAE04EC0-301F-11D3-BF4B-00C04F79EFBC}") = "BRAQ_grammar", "BRAQ_grammar\BRAQ_grammar.csproj", "{EA1068BC-2D32-4DC4-A65F-8D87751AB4C2}"
EndProject
Project("{FAE04EC0-301F-11D3-BF4B-00C04F79EFBC}") = "BRAQ", "BRAQ\BRAQ.csproj", "{96C59E9C-95D5-437F-9ABE-3234FD4D96E9}"
EndProject
Project("{FAE04EC0-301F-11D3-BF4B-00C04F79EFBC}") = "BRAQStd", "BRAQStd\BRAQStd.csproj", "{8A16A7B6-A5E5-4D4D-BEDF-769154BEA525}"
EndProject
Global
	GlobalSection(SolutionConfigurationPlatforms) = preSolution
		Debug|Any CPU = Debug|Any CPU
		Release|Any CPU = Release|Any CPU
	EndGlobalSection
	GlobalSection(ProjectConfigurationPlatforms) = postSolution
		{EA1068BC-2D32-4DC4-A65F-8D87751AB4C2}.Debug|Any CPU.ActiveCfg = Debug|Any CPU
		{EA1068BC-2D32-4DC4-A65F-8D87751AB4C2}.Debug|Any CPU.Build.0 = Debug|Any CPU
		{EA1068BC-2D32-4DC4-A65F-8D87751AB4C2}.Release|Any CPU.ActiveCfg = Release|Any CPU
		{EA1068BC-2D32-4DC4-A65F-8D87751AB4C2}.Release|Any CPU.Build.0 = Release|Any CPU
		{96C59E9C-95D5-437F-9ABE-3234FD4D96E9}.Debug|Any CPU.ActiveCfg = Debug|Any CPU
		{96C59E9C-95D5-437F-9ABE-3234FD4D96E9}.Debug|Any CPU.Build.0 = Debug|Any CPU
		{96C59E9C-95D5-437F-9ABE-3234FD4D96E9}.Release|Any CPU.ActiveCfg = Release|Any CPU
		{96C59E9C-95D5-437F-9ABE-3234FD4D96E9}.Release|Any CPU.Build.0 = Release|Any CPU
		{8A16A7B6-A5E5-4D4D-BEDF-769154BEA525}.Debug|Any CPU.ActiveCfg = Debug|Any CPU
		{8A16A7B6-A5E5-4D4D-BEDF-769154BEA525}.Debug|Any CPU.Build.0 = Debug|Any CPU
		{8A16A7B6-A5E5-4D4D-BEDF-769154BEA525}.Release|Any CPU.ActiveCfg = Release|Any CPU
		{8A16A7B6-A5E5-4D4D-BEDF-769154BEA525}.Release|Any CPU.Build.0 = Release|Any CPU
	EndGlobalSection
EndGlobal
